
Microsoft Visual Studio Solution File, Format Version 12.00
# Visual Studio Version 17
VisualStudioVersion = 17.11.35219.272
MinimumVisualStudioVersion = 10.0.40219.1
Project("{FAE04EC0-301F-11D3-BF4B-00C04F79EFBC}") = "RPGCoolGuy", "RPGCoolGuy\RPGCoolGuy.csproj", "{556BD8FF-B9AB-4B26-83B3-2E10B5D81E07}"
EndProject
Global
	GlobalSection(SolutionConfigurationPlatforms) = preSolution
		Debug|Any CPU = Debug|Any CPU
		Release|Any CPU = Release|Any CPU
	EndGlobalSection
	GlobalSection(ProjectConfigurationPlatforms) = postSolution
		{556BD8FF-B9AB-4B26-83B3-2E10B5D81E07}.Debug|Any CPU.ActiveCfg = Debug|Any CPU
		{556BD8FF-B9AB-4B26-83B3-2E10B5D81E07}.Debug|Any CPU.Build.0 = Debug|Any CPU
		{556BD8FF-B9AB-4B26-83B3-2E10B5D81E07}.Release|Any CPU.ActiveCfg = Release|Any CPU
		{556BD8FF-B9AB-4B26-83B3-2E10B5D81E07}.Release|Any CPU.Build.0 = Release|Any CPU
	EndGlobalSection
	GlobalSection(SolutionProperties) = preSolution
		HideSolutionNode = FALSE
	EndGlobalSection
	GlobalSection(ExtensibilityGlobals) = postSolution
		SolutionGuid = {0703A4DB-7203-4D2B-AAC7-E93DB12976E4}
	EndGlobalSection
EndGlobal
